
Microsoft Visual Studio Solution File, Format Version 12.00
# Visual Studio 15
VisualStudioVersion = 15.0.28307.329
MinimumVisualStudioVersion = 10.0.40219.1
Project("{9A19103F-16F7-4668-BE54-9A1E7A4F7556}") = "SimpleWorkWithJson.ConsoleApp", "SimpleWorkWithJson.Console\SimpleWorkWithJson.ConsoleApp.csproj", "{B9E02B42-DE21-453E-A35D-30DCA08ACD43}"
EndProject
Project("{9A19103F-16F7-4668-BE54-9A1E7A4F7556}") = "SimpleWorkWithJson.Domain", "SimpleWorkWithJson.Domain\SimpleWorkWithJson.Domain.csproj", "{77E6D6D2-05AC-46D4-8C95-52C9B92CE941}"
EndProject
Project("{FAE04EC0-301F-11D3-BF4B-00C04F79EFBC}") = "SimpleWorkWithJson.DataAccess", "SimpleWorkWithJson.DataAccess\SimpleWorkWithJson.DataAccess.csproj", "{B07C218F-D6D3-408B-B03A-4DBF2054984A}"
EndProject
Project("{FAE04EC0-301F-11D3-BF4B-00C04F79EFBC}") = "SimpleWorkWithJson.Common", "SimpleWorkWithJson.Common\SimpleWorkWithJson.Common.csproj", "{DA9828BC-FC9B-4498-94E3-49D6786C506E}"
EndProject
Project("{FAE04EC0-301F-11D3-BF4B-00C04F79EFBC}") = "xTests", "xTests\xTests.csproj", "{BFCB2BE0-14C2-480C-B99C-12B4D804508C}"
EndProject
Global
	GlobalSection(SolutionConfigurationPlatforms) = preSolution
		Debug|Any CPU = Debug|Any CPU
		Release|Any CPU = Release|Any CPU
	EndGlobalSection
	GlobalSection(ProjectConfigurationPlatforms) = postSolution
		{B9E02B42-DE21-453E-A35D-30DCA08ACD43}.Debug|Any CPU.ActiveCfg = Debug|Any CPU
		{B9E02B42-DE21-453E-A35D-30DCA08ACD43}.Debug|Any CPU.Build.0 = Debug|Any CPU
		{B9E02B42-DE21-453E-A35D-30DCA08ACD43}.Release|Any CPU.ActiveCfg = Release|Any CPU
		{B9E02B42-DE21-453E-A35D-30DCA08ACD43}.Release|Any CPU.Build.0 = Release|Any CPU
		{77E6D6D2-05AC-46D4-8C95-52C9B92CE941}.Debug|Any CPU.ActiveCfg = Debug|Any CPU
		{77E6D6D2-05AC-46D4-8C95-52C9B92CE941}.Debug|Any CPU.Build.0 = Debug|Any CPU
		{77E6D6D2-05AC-46D4-8C95-52C9B92CE941}.Release|Any CPU.ActiveCfg = Release|Any CPU
		{77E6D6D2-05AC-46D4-8C95-52C9B92CE941}.Release|Any CPU.Build.0 = Release|Any CPU
		{B07C218F-D6D3-408B-B03A-4DBF2054984A}.Debug|Any CPU.ActiveCfg = Debug|Any CPU
		{B07C218F-D6D3-408B-B03A-4DBF2054984A}.Debug|Any CPU.Build.0 = Debug|Any CPU
		{B07C218F-D6D3-408B-B03A-4DBF2054984A}.Release|Any CPU.ActiveCfg = Release|Any CPU
		{B07C218F-D6D3-408B-B03A-4DBF2054984A}.Release|Any CPU.Build.0 = Release|Any CPU
		{DA9828BC-FC9B-4498-94E3-49D6786C506E}.Debug|Any CPU.ActiveCfg = Debug|Any CPU
		{DA9828BC-FC9B-4498-94E3-49D6786C506E}.Debug|Any CPU.Build.0 = Debug|Any CPU
		{DA9828BC-FC9B-4498-94E3-49D6786C506E}.Release|Any CPU.ActiveCfg = Release|Any CPU
		{DA9828BC-FC9B-4498-94E3-49D6786C506E}.Release|Any CPU.Build.0 = Release|Any CPU
		{BFCB2BE0-14C2-480C-B99C-12B4D804508C}.Debug|Any CPU.ActiveCfg = Debug|Any CPU
		{BFCB2BE0-14C2-480C-B99C-12B4D804508C}.Debug|Any CPU.Build.0 = Debug|Any CPU
		{BFCB2BE0-14C2-480C-B99C-12B4D804508C}.Release|Any CPU.ActiveCfg = Release|Any CPU
		{BFCB2BE0-14C2-480C-B99C-12B4D804508C}.Release|Any CPU.Build.0 = Release|Any CPU
	EndGlobalSection
	GlobalSection(SolutionProperties) = preSolution
		HideSolutionNode = FALSE
	EndGlobalSection
	GlobalSection(ExtensibilityGlobals) = postSolution
		SolutionGuid = {C35AB02B-18F9-49DE-98BD-C2808ECBD7FE}
	EndGlobalSection
EndGlobal
